github.com/go-ini/ini v1.41.0 h1:526aoxDtxRHFQKMZfcX2OG9oOI8TJ5yPLM0Mkno/uTY=
github.com/go-ini/ini v1.41.0/go.mod h1:ByCAeIL28uOIIG0E3PJtZPDL8WnHpFKFOtgjp+3Ies8=
github.com/google/subcommands v0.0.0-20181012225330-46f0354f6315 h1:WW91Hq2v0qDzoPME+TPD4En72+d2Ue3ZMKPYfwR9yBU=
github.com/google/subcommands v0.0.0-20181012225330-46f0354f6315/go.mod h1:ZjhPrFU+Olkh9WazFPsl27BQ4UPiG37m3yTrtFlrHVk=
github.com/gorilla/handlers v1.4.0 h1:XulKRWSQK5uChr4pEgSE4Tc/OcmnU9GJuSwdog/tZsA=
github.com/gorilla/handlers v1.4.0/go.mod h1:Qkdc/uu4tH4g6mTK6auzZ766c4CA0Ng8+o/OAirnOIQ=
github.com/gorilla/mux v1.7.0 h1:tOSd0UKHQd6urX6ApfOn4XdBMY6Sh1MfxV3kmaazO+U=
github.com/gorilla/mux v1.7.0/go.mod h1:1lud6UwP+6orDFRuTfBEV8e9/aOM/c4fVVCaMa2zaAs=
github.com/skx/sos v0.0.0-20180814180414-f3dca3ca7e63 h1:5b9YJI5fAHIWwdrWjpmiA0KjEFGRVuep6NxZu7K88WY=
github.com/skx/sos v0.0.0-20180814180414-f3dca3ca7e63/go.mod h1:NEyf6131ETaE69AjERxIoPJnnsj99L7Z7pw7G5FT3oY=
